
Microsoft Visual Studio Solution File, Format Version 12.00
# Visual Studio Version 17
VisualStudioVersion = 17.5.33530.505
MinimumVisualStudioVersion = 10.0.40219.1
Project("{9A19103F-16F7-4668-BE54-9A1E7A4F7556}") = "ManiWeather", "ManiWeather.csproj", "{5E996FC8-1703-4BC8-9F89-C8BEBAB82350}"
EndProject
Project("{9A19103F-16F7-4668-BE54-9A1E7A4F7556}") = "WeatherTests", "WeatherTests\WeatherTests.csproj", "{AFFF09B6-BC4E-4AE6-8684-138FA068D2CD}"
EndProject
Global
	GlobalSection(SolutionConfigurationPlatforms) = preSolution
		Debug|Any CPU = Debug|Any CPU
		Release|Any CPU = Release|Any CPU
	EndGlobalSection
	GlobalSection(ProjectConfigurationPlatforms) = postSolution
		{5E996FC8-1703-4BC8-9F89-C8BEBAB82350}.Debug|Any CPU.ActiveCfg = Debug|Any CPU
		{5E996FC8-1703-4BC8-9F89-C8BEBAB82350}.Debug|Any CPU.Build.0 = Debug|Any CPU
		{5E996FC8-1703-4BC8-9F89-C8BEBAB82350}.Release|Any CPU.ActiveCfg = Release|Any CPU
		{5E996FC8-1703-4BC8-9F89-C8BEBAB82350}.Release|Any CPU.Build.0 = Release|Any CPU
		{AFFF09B6-BC4E-4AE6-8684-138FA068D2CD}.Debug|Any CPU.ActiveCfg = Debug|Any CPU
		{AFFF09B6-BC4E-4AE6-8684-138FA068D2CD}.Debug|Any CPU.Build.0 = Debug|Any CPU
		{AFFF09B6-BC4E-4AE6-8684-138FA068D2CD}.Release|Any CPU.ActiveCfg = Release|Any CPU
		{AFFF09B6-BC4E-4AE6-8684-138FA068D2CD}.Release|Any CPU.Build.0 = Release|Any CPU
	EndGlobalSection
	GlobalSection(SolutionProperties) = preSolution
		HideSolutionNode = FALSE
	EndGlobalSection
	GlobalSection(ExtensibilityGlobals) = postSolution
		SolutionGuid = {2149893B-DA04-4614-8A39-E3418CDCAE6F}
	EndGlobalSection
EndGlobal
